Microsoft Visual Studio Solution File, Format Version 12.00
# Visual Studio Version 17
VisualStudioVersion = 17.5.2.0
MinimumVisualStudioVersion = 10.0.40219.1
Project("{FAE04EC0-301F-11D3-BF4B-00C04F79EFBC}") = "HelloWorld-api", "HelloWorld-api.csproj", "{053ABA63-FF5C-7EC4-2D0A-80AAC8AB85CE}"
EndProject
Global
	GlobalSection(SolutionConfigurationPlatforms) = preSolution
		Debug|Any CPU = Debug|Any CPU
		Release|Any CPU = Release|Any CPU
	EndGlobalSection
	GlobalSection(ProjectConfigurationPlatforms) = postSolution
		{053ABA63-FF5C-7EC4-2D0A-80AAC8AB85CE}.Debug|Any CPU.ActiveCfg = Debug|Any CPU
		{053ABA63-FF5C-7EC4-2D0A-80AAC8AB85CE}.Debug|Any CPU.Build.0 = Debug|Any CPU
		{053ABA63-FF5C-7EC4-2D0A-80AAC8AB85CE}.Release|Any CPU.ActiveCfg = Release|Any CPU
		{053ABA63-FF5C-7EC4-2D0A-80AAC8AB85CE}.Release|Any CPU.Build.0 = Release|Any CPU
	EndGlobalSection
	GlobalSection(SolutionProperties) = preSolution
		HideSolutionNode = FALSE
	EndGlobalSection
	GlobalSection(ExtensibilityGlobals) = postSolution
		SolutionGuid = {6F9E072C-0754-40FE-B259-AB4A10683DF4}
	EndGlobalSection
EndGlobal
